
Microsoft Visual Studio Solution File, Format Version 12.00
Project("{FAE04EC0-301F-11D3-BF4B-00C04F79EFBC}") = "WebApp", "WebApp\WebApp.csproj", "{6E2BA16D-1946-4C58-94E8-506A3B60B206}"
EndProject
Project("{FAE04EC0-301F-11D3-BF4B-00C04F79EFBC}") = "Domain.App", "Domain.App\Domain.App.csproj", "{A84C0A6A-048D-42F2-BED7-8A0C8183CAC2}"
EndProject
Project("{FAE04EC0-301F-11D3-BF4B-00C04F79EFBC}") = "DAL.App.EF", "DAL.App.EF\DAL.App.EF.csproj", "{3D343036-33F3-4DE7-8754-8EAC08AB2BD8}"
EndProject
Project("{FAE04EC0-301F-11D3-BF4B-00C04F79EFBC}") = "Contracts.DAL.App", "Contracts.DAL.App\Contracts.DAL.App.csproj", "{780E6403-06A5-4D79-A266-0C8D81754F8C}"
EndProject
Project("{FAE04EC0-301F-11D3-BF4B-00C04F79EFBC}") = "DAL.App.DTO", "DAL.App.DTO\DAL.App.DTO.csproj", "{075898EB-C66A-47CA-83B8-E5AC0AFD1D20}"
EndProject
Project("{2150E333-8FDC-42A3-9474-1A3956D46DE8}") = "Base", "Base", "{CB7955F4-4DB2-4532-B33B-4DB977A03BC1}"
EndProject
Project("{FAE04EC0-301F-11D3-BF4B-00C04F79EFBC}") = "Contracts.DAL.Base", "Contracts.DAL.Base\Contracts.DAL.Base.csproj", "{11D3CD3F-244B-46A6-B375-AE4E45D094AB}"
EndProject
Project("{FAE04EC0-301F-11D3-BF4B-00C04F79EFBC}") = "Contracts.Domain.Base", "Contracts.Domain.Base\Contracts.Domain.Base.csproj", "{D2A82680-10F9-4CCA-B0EB-43FF1F68ED60}"
EndProject
Project("{FAE04EC0-301F-11D3-BF4B-00C04F79EFBC}") = "DAL.Base", "DAL.Base\DAL.Base.csproj", "{9C5D1EB2-867B-4CD2-BF6F-D67DEB29AC2D}"
EndProject
Project("{FAE04EC0-301F-11D3-BF4B-00C04F79EFBC}") = "DAL.Base.EF", "DAL.Base.EF\DAL.Base.EF.csproj", "{08C48171-B2E8-4C13-B687-DB21A6BDE412}"
EndProject
Project("{FAE04EC0-301F-11D3-BF4B-00C04F79EFBC}") = "Domain.Base", "Domain.Base\Domain.Base.csproj", "{BB916C18-96EE-4282-942F-5845727874BB}"
EndProject
Project("{2150E333-8FDC-42A3-9474-1A3956D46DE8}") = "Tests", "Tests", "{6AAFBF09-5C45-455A-A5A3-1DD98F137F47}"
EndProject
Project("{FAE04EC0-301F-11D3-BF4B-00C04F79EFBC}") = "TestProject1", "TestProject1\TestProject1.csproj", "{77CC44E0-9B48-406F-B923-FDFFDE1C50D7}"
EndProject
Global
	GlobalSection(SolutionConfigurationPlatforms) = preSolution
		Debug|Any CPU = Debug|Any CPU
		Release|Any CPU = Release|Any CPU
	EndGlobalSection
	GlobalSection(ProjectConfigurationPlatforms) = postSolution
		{6E2BA16D-1946-4C58-94E8-506A3B60B206}.Debug|Any CPU.ActiveCfg = Debug|Any CPU
		{6E2BA16D-1946-4C58-94E8-506A3B60B206}.Debug|Any CPU.Build.0 = Debug|Any CPU
		{6E2BA16D-1946-4C58-94E8-506A3B60B206}.Release|Any CPU.ActiveCfg = Release|Any CPU
		{6E2BA16D-1946-4C58-94E8-506A3B60B206}.Release|Any CPU.Build.0 = Release|Any CPU
		{A84C0A6A-048D-42F2-BED7-8A0C8183CAC2}.Debug|Any CPU.ActiveCfg = Debug|Any CPU
		{A84C0A6A-048D-42F2-BED7-8A0C8183CAC2}.Debug|Any CPU.Build.0 = Debug|Any CPU
		{A84C0A6A-048D-42F2-BED7-8A0C8183CAC2}.Release|Any CPU.ActiveCfg = Release|Any CPU
		{A84C0A6A-048D-42F2-BED7-8A0C8183CAC2}.Release|Any CPU.Build.0 = Release|Any CPU
		{3D343036-33F3-4DE7-8754-8EAC08AB2BD8}.Debug|Any CPU.ActiveCfg = Debug|Any CPU
		{3D343036-33F3-4DE7-8754-8EAC08AB2BD8}.Debug|Any CPU.Build.0 = Debug|Any CPU
		{3D343036-33F3-4DE7-8754-8EAC08AB2BD8}.Release|Any CPU.ActiveCfg = Release|Any CPU
		{3D343036-33F3-4DE7-8754-8EAC08AB2BD8}.Release|Any CPU.Build.0 = Release|Any CPU
		{780E6403-06A5-4D79-A266-0C8D81754F8C}.Debug|Any CPU.ActiveCfg = Debug|Any CPU
		{780E6403-06A5-4D79-A266-0C8D81754F8C}.Debug|Any CPU.Build.0 = Debug|Any CPU
		{780E6403-06A5-4D79-A266-0C8D81754F8C}.Release|Any CPU.ActiveCfg = Release|Any CPU
		{780E6403-06A5-4D79-A266-0C8D81754F8C}.Release|Any CPU.Build.0 = Release|Any CPU
		{075898EB-C66A-47CA-83B8-E5AC0AFD1D20}.Debug|Any CPU.ActiveCfg = Debug|Any CPU
		{075898EB-C66A-47CA-83B8-E5AC0AFD1D20}.Debug|Any CPU.Build.0 = Debug|Any CPU
		{075898EB-C66A-47CA-83B8-E5AC0AFD1D20}.Release|Any CPU.ActiveCfg = Release|Any CPU
		{075898EB-C66A-47CA-83B8-E5AC0AFD1D20}.Release|Any CPU.Build.0 = Release|Any CPU
		{11D3CD3F-244B-46A6-B375-AE4E45D094AB}.Debug|Any CPU.ActiveCfg = Debug|Any CPU
		{11D3CD3F-244B-46A6-B375-AE4E45D094AB}.Debug|Any CPU.Build.0 = Debug|Any CPU
		{11D3CD3F-244B-46A6-B375-AE4E45D094AB}.Release|Any CPU.ActiveCfg = Release|Any CPU
		{11D3CD3F-244B-46A6-B375-AE4E45D094AB}.Release|Any CPU.Build.0 = Release|Any CPU
		{D2A82680-10F9-4CCA-B0EB-43FF1F68ED60}.Debug|Any CPU.ActiveCfg = Debug|Any CPU
		{D2A82680-10F9-4CCA-B0EB-43FF1F68ED60}.Debug|Any CPU.Build.0 = Debug|Any CPU
		{D2A82680-10F9-4CCA-B0EB-43FF1F68ED60}.Release|Any CPU.ActiveCfg = Release|Any CPU
		{D2A82680-10F9-4CCA-B0EB-43FF1F68ED60}.Release|Any CPU.Build.0 = Release|Any CPU
		{9C5D1EB2-867B-4CD2-BF6F-D67DEB29AC2D}.Debug|Any CPU.ActiveCfg = Debug|Any CPU
		{9C5D1EB2-867B-4CD2-BF6F-D67DEB29AC2D}.Debug|Any CPU.Build.0 = Debug|Any CPU
		{9C5D1EB2-867B-4CD2-BF6F-D67DEB29AC2D}.Release|Any CPU.ActiveCfg = Release|Any CPU
		{9C5D1EB2-867B-4CD2-BF6F-D67DEB29AC2D}.Release|Any CPU.Build.0 = Release|Any CPU
		{08C48171-B2E8-4C13-B687-DB21A6BDE412}.Debug|Any CPU.ActiveCfg = Debug|Any CPU
		{08C48171-B2E8-4C13-B687-DB21A6BDE412}.Debug|Any CPU.Build.0 = Debug|Any CPU
		{08C48171-B2E8-4C13-B687-DB21A6BDE412}.Release|Any CPU.ActiveCfg = Release|Any CPU
		{08C48171-B2E8-4C13-B687-DB21A6BDE412}.Release|Any CPU.Build.0 = Release|Any CPU
		{BB916C18-96EE-4282-942F-5845727874BB}.Debug|Any CPU.ActiveCfg = Debug|Any CPU
		{BB916C18-96EE-4282-942F-5845727874BB}.Debug|Any CPU.Build.0 = Debug|Any CPU
		{BB916C18-96EE-4282-942F-5845727874BB}.Release|Any CPU.ActiveCfg = Release|Any CPU
		{BB916C18-96EE-4282-942F-5845727874BB}.Release|Any CPU.Build.0 = Release|Any CPU
		{77CC44E0-9B48-406F-B923-FDFFDE1C50D7}.Debug|Any CPU.ActiveCfg = Debug|Any CPU
		{77CC44E0-9B48-406F-B923-FDFFDE1C50D7}.Debug|Any CPU.Build.0 = Debug|Any CPU
		{77CC44E0-9B48-406F-B923-FDFFDE1C50D7}.Release|Any CPU.ActiveCfg = Release|Any CPU
		{77CC44E0-9B48-406F-B923-FDFFDE1C50D7}.Release|Any CPU.Build.0 = Release|Any CPU
	EndGlobalSection
	GlobalSection(NestedProjects) = preSolution
		{11D3CD3F-244B-46A6-B375-AE4E45D094AB} = {CB7955F4-4DB2-4532-B33B-4DB977A03BC1}
		{D2A82680-10F9-4CCA-B0EB-43FF1F68ED60} = {CB7955F4-4DB2-4532-B33B-4DB977A03BC1}
		{9C5D1EB2-867B-4CD2-BF6F-D67DEB29AC2D} = {CB7955F4-4DB2-4532-B33B-4DB977A03BC1}
		{08C48171-B2E8-4C13-B687-DB21A6BDE412} = {CB7955F4-4DB2-4532-B33B-4DB977A03BC1}
		{BB916C18-96EE-4282-942F-5845727874BB} = {CB7955F4-4DB2-4532-B33B-4DB977A03BC1}
		{77CC44E0-9B48-406F-B923-FDFFDE1C50D7} = {6AAFBF09-5C45-455A-A5A3-1DD98F137F47}
	EndGlobalSection
EndGlobal
